
Microsoft Visual Studio Solution File, Format Version 12.00
# Visual Studio Version 17
VisualStudioVersion = 17.12.35707.178
MinimumVisualStudioVersion = 10.0.40219.1
Project("{2150E333-8FDC-42A3-9474-1A3956D46DE8}") = "src", "src", "{7957E6A9-DC18-46FA-80DB-7B20F1677AEC}"
EndProject
Project("{2150E333-8FDC-42A3-9474-1A3956D46DE8}") = "NutirX.Core", "NutirX.Core", "{FD62893F-78C0-4D66-972F-DFF8396461DC}"
EndProject
Project("{FAE04EC0-301F-11D3-BF4B-00C04F79EFBC}") = "NutriX.Core", "src\NutriX.Core\NutriX.Core\NutriX.Core.csproj", "{04724B07-4720-44AC-ABFA-CCC8DB3AB9B3}"
EndProject
Project("{2150E333-8FDC-42A3-9474-1A3956D46DE8}") = "NutriX.Infrastructure", "NutriX.Infrastructure", "{7E38C93A-2769-45AA-AABD-6AD2A7D51F4C}"
EndProject
Project("{FAE04EC0-301F-11D3-BF4B-00C04F79EFBC}") = "NutriX.Infrastructure", "src\NutriX.Infrastructure\NutriX.Infrastructure\NutriX.Infrastructure.csproj", "{18BE2D2E-EC78-483D-96C2-3FB8A77CB865}"
EndProject
Project("{2150E333-8FDC-42A3-9474-1A3956D46DE8}") = "NutriX.Application", "NutriX.Application", "{91EF0EBE-9872-4B45-A6A2-D7D8CAAF57CE}"
EndProject
Project("{FAE04EC0-301F-11D3-BF4B-00C04F79EFBC}") = "NutriX.Application", "src\NutriX.Application\NutriX.Application\NutriX.Application.csproj", "{670A90E9-2674-4BFE-82CD-7C30A668BFD0}"
EndProject
Project("{2150E333-8FDC-42A3-9474-1A3956D46DE8}") = "NutriX.WebApi", "NutriX.WebApi", "{E34DBA1A-EEB5-456C-8D00-E788B5998CFC}"
EndProject
Project("{FAE04EC0-301F-11D3-BF4B-00C04F79EFBC}") = "NutriX.WebApi", "src\NutriX.WebApi\NutriX.WebApi\NutriX.WebApi.csproj", "{4F1A9C55-FB8D-4E5C-956A-F4FE43FAC4A4}"
EndProject
Project("{E53339B2-1760-4266-BCC7-CA923CBCF16C}") = "docker-compose", "docker-compose.dcproj", "{5AB0AB7D-5A21-4E49-8F0B-4A5851ABFF13}"
EndProject
Global
	GlobalSection(SolutionConfigurationPlatforms) = preSolution
		Debug|Any CPU = Debug|Any CPU
		Release|Any CPU = Release|Any CPU
	EndGlobalSection
	GlobalSection(ProjectConfigurationPlatforms) = postSolution
		{04724B07-4720-44AC-ABFA-CCC8DB3AB9B3}.Debug|Any CPU.ActiveCfg = Debug|Any CPU
		{04724B07-4720-44AC-ABFA-CCC8DB3AB9B3}.Debug|Any CPU.Build.0 = Debug|Any CPU
		{04724B07-4720-44AC-ABFA-CCC8DB3AB9B3}.Release|Any CPU.ActiveCfg = Release|Any CPU
		{04724B07-4720-44AC-ABFA-CCC8DB3AB9B3}.Release|Any CPU.Build.0 = Release|Any CPU
		{18BE2D2E-EC78-483D-96C2-3FB8A77CB865}.Debug|Any CPU.ActiveCfg = Debug|Any CPU
		{18BE2D2E-EC78-483D-96C2-3FB8A77CB865}.Debug|Any CPU.Build.0 = Debug|Any CPU
		{18BE2D2E-EC78-483D-96C2-3FB8A77CB865}.Release|Any CPU.ActiveCfg = Release|Any CPU
		{18BE2D2E-EC78-483D-96C2-3FB8A77CB865}.Release|Any CPU.Build.0 = Release|Any CPU
		{670A90E9-2674-4BFE-82CD-7C30A668BFD0}.Debug|Any CPU.ActiveCfg = Debug|Any CPU
		{670A90E9-2674-4BFE-82CD-7C30A668BFD0}.Debug|Any CPU.Build.0 = Debug|Any CPU
		{670A90E9-2674-4BFE-82CD-7C30A668BFD0}.Release|Any CPU.ActiveCfg = Release|Any CPU
		{670A90E9-2674-4BFE-82CD-7C30A668BFD0}.Release|Any CPU.Build.0 = Release|Any CPU
		{4F1A9C55-FB8D-4E5C-956A-F4FE43FAC4A4}.Debug|Any CPU.ActiveCfg = Debug|Any CPU
		{4F1A9C55-FB8D-4E5C-956A-F4FE43FAC4A4}.Debug|Any CPU.Build.0 = Debug|Any CPU
		{4F1A9C55-FB8D-4E5C-956A-F4FE43FAC4A4}.Release|Any CPU.ActiveCfg = Release|Any CPU
		{4F1A9C55-FB8D-4E5C-956A-F4FE43FAC4A4}.Release|Any CPU.Build.0 = Release|Any CPU
		{5AB0AB7D-5A21-4E49-8F0B-4A5851ABFF13}.Debug|Any CPU.ActiveCfg = Debug|Any CPU
		{5AB0AB7D-5A21-4E49-8F0B-4A5851ABFF13}.Debug|Any CPU.Build.0 = Debug|Any CPU
		{5AB0AB7D-5A21-4E49-8F0B-4A5851ABFF13}.Release|Any CPU.ActiveCfg = Release|Any CPU
		{5AB0AB7D-5A21-4E49-8F0B-4A5851ABFF13}.Release|Any CPU.Build.0 = Release|Any CPU
	EndGlobalSection
	GlobalSection(SolutionProperties) = preSolution
		HideSolutionNode = FALSE
	EndGlobalSection
	GlobalSection(NestedProjects) = preSolution
		{FD62893F-78C0-4D66-972F-DFF8396461DC} = {7957E6A9-DC18-46FA-80DB-7B20F1677AEC}
		{04724B07-4720-44AC-ABFA-CCC8DB3AB9B3} = {FD62893F-78C0-4D66-972F-DFF8396461DC}
		{7E38C93A-2769-45AA-AABD-6AD2A7D51F4C} = {7957E6A9-DC18-46FA-80DB-7B20F1677AEC}
		{18BE2D2E-EC78-483D-96C2-3FB8A77CB865} = {7E38C93A-2769-45AA-AABD-6AD2A7D51F4C}
		{91EF0EBE-9872-4B45-A6A2-D7D8CAAF57CE} = {7957E6A9-DC18-46FA-80DB-7B20F1677AEC}
		{670A90E9-2674-4BFE-82CD-7C30A668BFD0} = {91EF0EBE-9872-4B45-A6A2-D7D8CAAF57CE}
		{E34DBA1A-EEB5-456C-8D00-E788B5998CFC} = {7957E6A9-DC18-46FA-80DB-7B20F1677AEC}
		{4F1A9C55-FB8D-4E5C-956A-F4FE43FAC4A4} = {E34DBA1A-EEB5-456C-8D00-E788B5998CFC}
	EndGlobalSection
EndGlobal
